// !$*UTF8*$!
{
	archiveVersion = 1;
	classes = {
	};
	objectVersion = 46;
	objects = {

/* Begin PBXBuildFile section */
		7BC142781CF10CD900C3E411 /* main.m in Sources */ = {isa = PBXBuildFile; fileRef = 7BC142771CF10CD900C3E411 /* main.m */; };
		7BC1427B1CF10CD900C3E411 /* AppDelegate.m in Sources */ = {isa = PBXBuildFile; fileRef = 7BC1427A1CF10CD900C3E411 /* AppDelegate.m */; };
		7BC1427E1CF10CD900C3E411 /* ViewController.m in Sources */ = {isa = PBXBuildFile; fileRef = 7BC1427D1CF10CD900C3E411 /* ViewController.m */; };
		7BC142811CF10CD900C3E411 /* Main.storyboard in Resources */ = {isa = PBXBuildFile; fileRef = 7BC1427F1CF10CD900C3E411 /* Main.storyboard */; };
		7BC142841CF10CD900C3E411 /* DefaultValueForUnexsitingKeyINJSON.xcdatamodeld in Sources */ = {isa = PBXBuildFile; fileRef = 7BC142821CF10CD900C3E411 /* DefaultValueForUnexsitingKeyINJSON.xcdatamodeld */; };
		7BC142861CF10CD900C3E411 /* Assets.xcassets in Resources */ = {isa = PBXBuildFile; fileRef = 7BC142851CF10CD900C3E411 /* Assets.xcassets */; };
		7BC142891CF10CD900C3E411 /* LaunchScreen.storyboard in Resources */ = {isa = PBXBuildFile; fileRef = 7BC142871CF10CD900C3E411 /* LaunchScreen.storyboard */; };
		7BC142951CF10D3D00C3E411 /* Match.m in Sources */ = {isa = PBXBuildFile; fileRef = 7BC142941CF10D3D00C3E411 /* Match.m */; };
		7BC142981CF10D6200C3E411 /* CustomCellTableViewCell.m in Sources */ = {isa = PBXBuildFile; fileRef = 7BC142971CF10D6200C3E411 /* CustomCellTableViewCell.m */; };
/* End PBXBuildFile section */

/* Begin PBXFileReference section */
		7BC142731CF10CD900C3E411 /* DefaultValueForUnexsitingKeyINJSON.app */ = {isa = PBXFileReference; explicitFileType = wrapper.application; includeInIndex = 0; path = DefaultValueForUnexsitingKeyINJSON.app; sourceTree = BUILT_PRODUCTS_DIR; };
		7BC142771CF10CD900C3E411 /* main.m */ = {isa = PBXFileReference; lastKnownFileType = sourcecode.c.objc; path = main.m; sourceTree = "<group>"; };
		7BC142791CF10CD900C3E411 /* AppDelegate.h */ = {isa = PBXFileReference; lastKnownFileType = sourcecode.c.h; name = AppDelegate.h; path = DefaultValueForUnexsitingKeyINJSON/AppDelegate.h; sourceTree = "<group>"; };
		7BC1427A1CF10CD900C3E411 /* AppDelegate.m */ = {isa = PBXFileReference; lastKnownFileType = sourcecode.c.objc; name = AppDelegate.m; path = DefaultValueForUnexsitingKeyINJSON/AppDelegate.m; sourceTree = "<group>"; };
		7BC1427C1CF10CD900C3E411 /* ViewController.h */ = {isa = PBXFileReference; lastKnownFileType = sourcecode.c.h; path = ViewController.h; sourceTree = "<group>"; };
		7BC1427D1CF10CD900C3E411 /* ViewController.m */ = {isa = PBXFileReference; lastKnownFileType = sourcecode.c.objc; path = ViewController.m; sourceTree = "<group>"; };
		7BC142801CF10CD900C3E411 /* Base */ = {isa = PBXFileReference; lastKnownFileType = file.storyboard; name = Base; path = Base.lproj/Main.storyboard; sourceTree = "<group>"; };
		7BC142831CF10CD900C3E411 /* DefaultValueForUnexsitingKeyINJSON.xcdatamodel */ = {isa = PBXFileReference; lastKnownFileType = wrapper.xcdatamodel; path = DefaultValueForUnexsitingKeyINJSON.xcdatamodel; sourceTree = "<group>"; };
		7BC142851CF10CD900C3E411 /* Assets.xcassets */ = {isa = PBXFileReference; lastKnownFileType = folder.assetcatalog; path = Assets.xcassets; sourceTree = "<group>"; };
		7BC142881CF10CD900C3E411 /* Base */ = {isa = PBXFileReference; lastKnownFileType = file.storyboard; name = Base; path = Base.lproj/LaunchScreen.storyboard; sourceTree = "<group>"; };
		7BC1428A1CF10CD900C3E411 /* Info.plist */ = {isa = PBXFileReference; lastKnownFileType = text.plist.xml; path = Info.plist; sourceTree = "<group>"; };
		7BC142931CF10D3D00C3E411 /* Match.h */ = {isa = PBXFileReference; fileEncoding = 4; lastKnownFileType = sourcecode.c.h; name = Match.h; path = ../Match.h; sourceTree = "<group>"; };
		7BC142941CF10D3D00C3E411 /* Match.m */ = {isa = PBXFileReference; fileEncoding = 4; lastKnownFileType = sourcecode.c.objc; name = Match.m; path = ../Match.m; sourceTree = "<group>"; };
		7BC142961CF10D6200C3E411 /* CustomCellTableViewCell.h */ = {isa = PBXFileReference; fileEncoding = 4; lastKnownFileType = sourcecode.c.h; name = CustomCellTableViewCell.h; path = ../CustomCellTableViewCell.h; sourceTree = "<group>"; };
		7BC142971CF10D6200C3E411 /* CustomCellTableViewCell.m */ = {isa = PBXFileReference; fileEncoding = 4; lastKnownFileType = sourcecode.c.objc; name = CustomCellTableViewCell.m; path = ../CustomCellTableViewCell.m; sourceTree = "<group>"; };
/* End PBXFileReference section */

/* Begin PBXFrameworksBuildPhase section */
		7BC142701CF10CD900C3E411 /* Frameworks */ = {
			isa = PBXFrameworksBuildPhase;
			buildActionMask = 2147483647;
			files = (
			);
			runOnlyForDeploymentPostprocessing = 0;
		};
/* End PBXFrameworksBuildPhase section */

/* Begin PBXGroup section */
		7BC1426A1CF10CD900C3E411 = {
			isa = PBXGroup;
			children = (
				7BC142791CF10CD900C3E411 /* AppDelegate.h */,
				7BC1427A1CF10CD900C3E411 /* AppDelegate.m */,
				7BC142751CF10CD900C3E411 /* DefaultValueForUnexsitingKeyINJSON */,
				7BC142741CF10CD900C3E411 /* Products */,
			);
			sourceTree = "<group>";
		};
		7BC142741CF10CD900C3E411 /* Products */ = {
			isa = PBXGroup;
			children = (
				7BC142731CF10CD900C3E411 /* DefaultValueForUnexsitingKeyINJSON.app */,
			);
			name = Products;
			sourceTree = "<group>";
		};
		7BC142751CF10CD900C3E411 /* DefaultValueForUnexsitingKeyINJSON */ = {
			isa = PBXGroup;
			children = (
				7BC142921CF10D1B00C3E411 /* view */,
				7BC142911CF10D0800C3E411 /* controller */,
				7BC142901CF10CF300C3E411 /* model */,
				7BC1427F1CF10CD900C3E411 /* Main.storyboard */,
				7BC142851CF10CD900C3E411 /* Assets.xcassets */,
				7BC142871CF10CD900C3E411 /* LaunchScreen.storyboard */,
				7BC1428A1CF10CD900C3E411 /* Info.plist */,
				7BC142821CF10CD900C3E411 /* DefaultValueForUnexsitingKeyINJSON.xcdatamodeld */,
				7BC142761CF10CD900C3E411 /* Supporting Files */,
			);
			path = DefaultValueForUnexsitingKeyINJSON;
			sourceTree = "<group>";
		};
		7BC142761CF10CD900C3E411 /* Supporting Files */ = {
			isa = PBXGroup;
			children = (
				7BC142771CF10CD900C3E411 /* main.m */,
			);
			name = "Supporting Files";
			sourceTree = "<group>";
		};
		7BC142901CF10CF300C3E411 /* model */ = {
			isa = PBXGroup;
			children = (
				7BC142931CF10D3D00C3E411 /* Match.h */,
				7BC142941CF10D3D00C3E411 /* Match.m */,
			);
			name = model;
			sourceTree = "<group>";
		};
		7BC142911CF10D0800C3E411 /* controller */ = {
			isa = PBXGroup;
			children = (
				7BC1427C1CF10CD900C3E411 /* ViewController.h */,
				7BC1427D1CF10CD900C3E411 /* ViewController.m */,
			);
			name = controller;
			sourceTree = "<group>";
		};
		7BC142921CF10D1B00C3E411 /* view */ = {
			isa = PBXGroup;
			children = (
				7BC142971CF10D6200C3E411 /* CustomCellTableViewCell.m */,
				7BC142961CF10D6200C3E411 /* CustomCellTableViewCell.h */,
			);
			name = view;
			sourceTree = "<group>";
		};
/* End PBXGroup section */

/* Begin PBXNativeTarget section */
		7BC142721CF10CD900C3E411 /* DefaultValueForUnexsitingKeyINJSON */ = {
			isa = PBXNativeTarget;
			buildConfigurationList = 7BC1428D1CF10CD900C3E411 /* Build configuration list for PBXNativeTarget "DefaultValueForUnexsitingKeyINJSON" */;
			buildPhases = (
				7BC1426F1CF10CD900C3E411 /* Sources */,
				7BC142701CF10CD900C3E411 /* Frameworks */,
				7BC142711CF10CD900C3E411 /* Resources */,
			);
			buildRules = (
			);
			dependencies = (
			);
			name = DefaultValueForUnexsitingKeyINJSON;
			productName = DefaultValueForUnexsitingKeyINJSON;
			productReference = 7BC142731CF10CD900C3E411 /* DefaultValueForUnexsitingKeyINJSON.app */;
			productType = "com.apple.product-type.application";
		};
/* End PBXNativeTarget section */

/* Begin PBXProject section */
		7BC1426B1CF10CD900C3E411 /* Project object */ = {
			isa = PBXProject;
			attributes = {
				LastUpgradeCheck = 0730;
				ORGANIZATIONNAME = "James Rochabrun";
				TargetAttributes = {
					7BC142721CF10CD900C3E411 = {
						CreatedOnToolsVersion = 7.3;
					};
				};
			};
			buildConfigurationList = 7BC1426E1CF10CD900C3E411 /* Build configuration list for PBXProject "DefaultValueForUnexsitingKeyINJSON" */;
			compatibilityVersion = "Xcode 3.2";
			developmentRegion = English;
			hasScannedForEncodings = 0;
			knownRegions = (
				en,
				Base,
			);
			mainGroup = 7BC1426A1CF10CD900C3E411;
			productRefGroup = 7BC142741CF10CD900C3E411 /* Products */;
			projectDirPath = "";
			projectRoot = "";
			targets = (
				7BC142721CF10CD900C3E411 /* DefaultValueForUnexsitingKeyINJSON */,
			);
		};
/* End PBXProject section */

/* Begin PBXResourcesBuildPhase section */
		7BC142711CF10CD900C3E411 /* Resources */ = {
			isa = PBXResourcesBuildPhase;
			buildActionMask = 2147483647;
			files = (
				7BC142891CF10CD900C3E411 /* LaunchScreen.storyboard in Resources */,
				7BC142861CF10CD900C3E411 /* Assets.xcassets in Resources */,
				7BC142811CF10CD900C3E411 /* Main.storyboard in Resources */,
			);
			runOnlyForDeploymentPostprocessing = 0;
		};
/* End PBXResourcesBuildPhase section */

/* Begin PBXSourcesBuildPhase section */
		7BC1426F1CF10CD900C3E411 /* Sources */ = {
			isa = PBXSourcesBuildPhase;
			buildActionMask = 2147483647;
			files = (
				7BC142841CF10CD900C3E411 /* DefaultValueForUnexsitingKeyINJSON.xcdatamodeld in Sources */,
				7BC1427E1CF10CD900C3E411 /* ViewController.m in Sources */,
				7BC142981CF10D6200C3E411 /* CustomCellTableViewCell.m in Sources */,
				7BC1427B1CF10CD900C3E411 /* AppDelegate.m in Sources */,
				7BC142951CF10D3D00C3E411 /* Match.m in Sources */,
				7BC142781CF10CD900C3E411 /* main.m in Sources */,
			);
			runOnlyForDeploymentPostprocessing = 0;
		};
/* End PBXSourcesBuildPhase section */

/* Begin PBXVariantGroup section */
		7BC1427F1CF10CD900C3E411 /* Main.storyboard */ = {
			isa = PBXVariantGroup;
			children = (
				7BC142801CF10CD900C3E411 /* Base */,
			);
			name = Main.storyboard;
			sourceTree = "<group>";
		};
		7BC142871CF10CD900C3E411 /* LaunchScreen.storyboard */ = {
			isa = PBXVariantGroup;
			children = (
				7BC142881CF10CD900C3E411 /* Base */,
			);
			name = LaunchScreen.storyboard;
			sourceTree = "<group>";
		};
/* End PBXVariantGroup section */

/* Begin XCBuildConfiguration section */
		7BC1428B1CF10CD900C3E411 /* Debug */ = {
			isa = XCBuildConfiguration;
			buildSettings = {
				ALWAYS_SEARCH_USER_PATHS = NO;
				CLANG_ANALYZER_NONNULL = YES;
				CLANG_CXX_LANGUAGE_STANDARD = "gnu++0x";
				CLANG_CXX_LIBRARY = "libc++";
				CLANG_ENABLE_MODULES = YES;
				CLANG_ENABLE_OBJC_ARC = YES;
				CLANG_WARN_BOOL_CONVERSION = YES;
				CLANG_WARN_CONSTANT_CONVERSION = YES;
				CLANG_WARN_DIRECT_OBJC_ISA_USAGE = YES_ERROR;
				CLANG_WARN_EMPTY_BODY = YES;
				CLANG_WARN_ENUM_CONVERSION = YES;
				CLANG_WARN_INT_CONVERSION = YES;
				CLANG_WARN_OBJC_ROOT_CLASS = YES_ERROR;
				CLANG_WARN_UNREACHABLE_CODE = YES;
				CLANG_WARN__DUPLICATE_METHOD_MATCH = YES;
				"CODE_SIGN_IDENTITY[sdk=iphoneos*]" = "iPhone Developer";
				COPY_PHASE_STRIP = NO;
				DEBUG_INFORMATION_FORMAT = dwarf;
				ENABLE_STRICT_OBJC_MSGSEND = YES;
				ENABLE_TESTABILITY = YES;
				GCC_C_LANGUAGE_STANDARD = gnu99;
				GCC_DYNAMIC_NO_PIC = NO;
				GCC_NO_COMMON_BLOCKS = YES;
				GCC_OPTIMIZATION_LEVEL = 0;
				GCC_PREPROCESSOR_DEFINITIONS = (
					"DEBUG=1",
					"$(inherited)",
				);
				GCC_WARN_64_TO_32_BIT_CONVERSION = YES;
				GCC_WARN_ABOUT_RETURN_TYPE = YES_ERROR;
				GCC_WARN_UNDECLARED_SELECTOR = YES;
				GCC_WARN_UNINITIALIZED_AUTOS = YES_AGGRESSIVE;
				GCC_WARN_UNUSED_FUNCTION = YES;
				GCC_WARN_UNUSED_VARIABLE = YES;
				IPHONEOS_DEPLOYMENT_TARGET = 9.3;
				MTL_ENABLE_DEBUG_INFO = YES;
				ONLY_ACTIVE_ARCH = YES;
				SDKROOT = iphoneos;
			};
			name = Debug;
		};
		7BC1428C1CF10CD900C3E411 /* Release */ = {
			isa = XCBuildConfiguration;
			buildSettings = {
				ALWAYS_SEARCH_USER_PATHS = NO;
				CLANG_ANALYZER_NONNULL = YES;
				CLANG_CXX_LANGUAGE_STANDARD = "gnu++0x";
				CLANG_CXX_LIBRARY = "libc++";
				CLANG_ENABLE_MODULES = YES;
				CLANG_ENABLE_OBJC_ARC = YES;
				CLANG_WARN_BOOL_CONVERSION = YES;
				CLANG_WARN_CONSTANT_CONVERSION = YES;
				CLANG_WARN_DIRECT_OBJC_ISA_USAGE = YES_ERROR;
				CLANG_WARN_EMPTY_BODY = YES;
				CLANG_WARN_ENUM_CONVERSION = YES;
				CLANG_WARN_INT_CONVERSION = YES;
				CLANG_WARN_OBJC_ROOT_CLASS = YES_ERROR;
				CLANG_WARN_UNREACHABLE_CODE = YES;
				CLANG_WARN__DUPLICATE_METHOD_MATCH = YES;
				"CODE_SIGN_IDENTITY[sdk=iphoneos*]" = "iPhone Developer";
				COPY_PHASE_STRIP = NO;
				DEBUG_INFORMATION_FORMAT = "dwarf-with-dsym";
				ENABLE_NS_ASSERTIONS = NO;
				ENABLE_STRICT_OBJC_MSGSEND = YES;
				GCC_C_LANGUAGE_STANDARD = gnu99;
				GCC_NO_COMMON_BLOCKS = YES;
				GCC_WARN_64_TO_32_BIT_CONVERSION = YES;
				GCC_WARN_ABOUT_RETURN_TYPE = YES_ERROR;
				GCC_WARN_UNDECLARED_SELECTOR = YES;
				GCC_WARN_UNINITIALIZED_AUTOS = YES_AGGRESSIVE;
				GCC_WARN_UNUSED_FUNCTION = YES;
				GCC_WARN_UNUSED_VARIABLE = YES;
				IPHONEOS_DEPLOYMENT_TARGET = 9.3;
				MTL_ENABLE_DEBUG_INFO = NO;
				SDKROOT = iphoneos;
				VALIDATE_PRODUCT = YES;
			};
			name = Release;
		};
		7BC1428E1CF10CD900C3E411 /* Debug */ = {
			isa = XCBuildConfiguration;
			buildSettings = {
				ASSETCATALOG_COMPILER_APPICON_NAME = AppIcon;
				INFOPLIST_FILE = DefaultValueForUnexsitingKeyINJSON/Info.plist;
				LD_RUNPATH_SEARCH_PATHS = "$(inherited) @executable_path/Frameworks";
				PRODUCT_BUNDLE_IDENTIFIER = yo.DefaultValueForUnexsitingKeyINJSON;
				PRODUCT_NAME = "$(TARGET_NAME)";
			};
			name = Debug;
		};
		7BC1428F1CF10CD900C3E411 /* Release */ = {
			isa = XCBuildConfiguration;
			buildSettings = {
				ASSETCATALOG_COMPILER_APPICON_NAME = AppIcon;
				INFOPLIST_FILE = DefaultValueForUnexsitingKeyINJSON/Info.plist;
				LD_RUNPATH_SEARCH_PATHS = "$(inherited) @executable_path/Frameworks";
				PRODUCT_BUNDLE_IDENTIFIER = yo.DefaultValueForUnexsitingKeyINJSON;
				PRODUCT_NAME = "$(TARGET_NAME)";
			};
			name = Release;
		};
/* End XCBuildConfiguration section */

/* Begin XCConfigurationList section */
		7BC1426E1CF10CD900C3E411 /* Build configuration list for PBXProject "DefaultValueForUnexsitingKeyINJSON" */ = {
			isa = XCConfigurationList;
			buildConfigurations = (
				7BC1428B1CF10CD900C3E411 /* Debug */,
				7BC1428C1CF10CD900C3E411 /* Release */,
			);
			defaultConfigurationIsVisible = 0;
			defaultConfigurationName = Release;
		};
		7BC1428D1CF10CD900C3E411 /* Build configuration list for PBXNativeTarget "DefaultValueForUnexsitingKeyINJSON" */ = {
			isa = XCConfigurationList;
			buildConfigurations = (
				7BC1428E1CF10CD900C3E411 /* Debug */,
				7BC1428F1CF10CD900C3E411 /* Release */,
			);
			defaultConfigurationIsVisible = 0;
		};
/* End XCConfigurationList section */

/* Begin XCVersionGroup section */
		7BC142821CF10CD900C3E411 /* DefaultValueForUnexsitingKeyINJSON.xcdatamodeld */ = {
			isa = XCVersionGroup;
			children = (
				7BC142831CF10CD900C3E411 /* DefaultValueForUnexsitingKeyINJSON.xcdatamodel */,
			);
			currentVersion = 7BC142831CF10CD900C3E411 /* DefaultValueForUnexsitingKeyINJSON.xcdatamodel */;
			path = DefaultValueForUnexsitingKeyINJSON.xcdatamodeld;
			sourceTree = "<group>";
			versionGroupType = wrapper.xcdatamodel;
		};
/* End XCVersionGroup section */
	};
	rootObject = 7BC1426B1CF10CD900C3E411 /* Project object */;
}
